
Microsoft Visual Studio Solution File, Format Version 12.00
# Visual Studio Version 17
VisualStudioVersion = 17.9.34728.123
MinimumVisualStudioVersion = 10.0.40219.1
Project("{FAE04EC0-301F-11D3-BF4B-00C04F79EFBC}") = "TP_Web_Equipo-10", "TP_Web_Equipo-10\TP_Web_Equipo-10.csproj", "{2132DC1E-A937-4357-9049-E2850D7A203A}"
EndProject
Project("{FAE04EC0-301F-11D3-BF4B-00C04F79EFBC}") = "DBAccess", "DBAccess\DBAccess.csproj", "{B277B3E3-7D6E-49FA-89CE-F3F5038072AF}"
EndProject
Project("{FAE04EC0-301F-11D3-BF4B-00C04F79EFBC}") = "ModelDomain", "ModelDomain\ModelDomain.csproj", "{B8D6A80A-8317-4DEB-A537-772FC9FA9267}"
EndProject
Global
	GlobalSection(SolutionConfigurationPlatforms) = preSolution
		Debug|Any CPU = Debug|Any CPU
		Release|Any CPU = Release|Any CPU
	EndGlobalSection
	GlobalSection(ProjectConfigurationPlatforms) = postSolution
		{2132DC1E-A937-4357-9049-E2850D7A203A}.Debug|Any CPU.ActiveCfg = Debug|Any CPU
		{2132DC1E-A937-4357-9049-E2850D7A203A}.Debug|Any CPU.Build.0 = Debug|Any CPU
		{2132DC1E-A937-4357-9049-E2850D7A203A}.Release|Any CPU.ActiveCfg = Release|Any CPU
		{2132DC1E-A937-4357-9049-E2850D7A203A}.Release|Any CPU.Build.0 = Release|Any CPU
		{B277B3E3-7D6E-49FA-89CE-F3F5038072AF}.Debug|Any CPU.ActiveCfg = Debug|Any CPU
		{B277B3E3-7D6E-49FA-89CE-F3F5038072AF}.Debug|Any CPU.Build.0 = Debug|Any CPU
		{B277B3E3-7D6E-49FA-89CE-F3F5038072AF}.Release|Any CPU.ActiveCfg = Release|Any CPU
		{B277B3E3-7D6E-49FA-89CE-F3F5038072AF}.Release|Any CPU.Build.0 = Release|Any CPU
		{B8D6A80A-8317-4DEB-A537-772FC9FA9267}.Debug|Any CPU.ActiveCfg = Debug|Any CPU
		{B8D6A80A-8317-4DEB-A537-772FC9FA9267}.Debug|Any CPU.Build.0 = Debug|Any CPU
		{B8D6A80A-8317-4DEB-A537-772FC9FA9267}.Release|Any CPU.ActiveCfg = Release|Any CPU
		{B8D6A80A-8317-4DEB-A537-772FC9FA9267}.Release|Any CPU.Build.0 = Release|Any CPU
	EndGlobalSection
	GlobalSection(SolutionProperties) = preSolution
		HideSolutionNode = FALSE
	EndGlobalSection
	GlobalSection(ExtensibilityGlobals) = postSolution
		SolutionGuid = {4ABDC1BA-555F-4FB5-9F00-C25AB64F2DE0}
	EndGlobalSection
EndGlobal
